<?xml version="1.0" encoding="utf-8"?>
<Project ToolsVersion="4.0" xmlns="http://schemas.microsoft.com/developer/msbuild/2003">
  <ItemGroup>
    <Filter Include="Resource Files">
      <UniqueIdentifier>{67DA6AB6-F800-4c08-8B7A-83BB121AAD01}</UniqueIdentifier>
      <Extensions>rc;ico;cur;bmp;dlg;rc2;rct;bin;rgs;gif;jpg;jpeg;jpe;resx;tiff;tif;png;wav</Extensions>
    </Filter>
    <Filter Include="Files">
      <UniqueIdentifier>{93995380-89BD-4b04-88EB-625FBE52EBFB}</UniqueIdentifier>
      <Extensions>h;hpp;hxx;hm;inl;inc;xsd</Extensions>
    </Filter>
    <Filter Include="Files\Core">
      <UniqueIdentifier>{4603536c-b1d4-4331-8e91-aad2112c9c68}</UniqueIdentifier>
    </Filter>
    <Filter Include="Files\Listeners">
      <UniqueIdentifier>{0f89d97c-1f79-410a-823a-adc0666ed262}</UniqueIdentifier>
    </Filter>
    <Filter Include="Files\Objects">
      <UniqueIdentifier>{e494ab79-738f-4934-b163-79e094c6c94f}</UniqueIdentifier>
    </Filter>
    <Filter Include="Files\Objects\Crow">
      <UniqueIdentifier>{e353782c-bcf5-41f6-8f06-1aad1f616354}</UniqueIdentifier>
    </Filter>
    <Filter Include="Files\Physics">
      <UniqueIdentifier>{6e60017f-8c0b-4bd1-b655-51af6a2c33c3}</UniqueIdentifier>
    </Filter>
    <Filter Include="Files\Scene">
      <UniqueIdentifier>{a73548c5-2044-4481-8a96-5ec60aa6dbc3}</UniqueIdentifier>
    </Filter>
    <Filter Include="Files\Player">
      <UniqueIdentifier>{e4d1eb8e-e2ab-4484-b6db-9c07d9feabd1}</UniqueIdentifier>
    </Filter>
    <Filter Include="Files\Tasks">
      <UniqueIdentifier>{2b87eae1-d81d-4a9b-bb19-bd609893605c}</UniqueIdentifier>
    </Filter>
    <Filter Include="Files\Objects\Slide">
      <UniqueIdentifier>{f51400e4-fdd5-49af-acbb-557cd993ffd6}</UniqueIdentifier>
    </Filter>
    <Filter Include="Files\Core\DetailGeometry">
      <UniqueIdentifier>{6009a606-e1a1-4c38-958c-609a987e8828}</UniqueIdentifier>
    </Filter>
    <Filter Include="Files\Core\RenderObjects">
      <UniqueIdentifier>{83a765d8-98ef-4422-8267-53b52e92fbe1}</UniqueIdentifier>
    </Filter>
    <Filter Include="Files\Core\Gui">
      <UniqueIdentifier>{83ce8b73-fa13-47e7-8a3c-ed41a1d88a0f}</UniqueIdentifier>
    </Filter>
    <Filter Include="Files\Objects\Gate">
      <UniqueIdentifier>{568569cd-5041-4f4b-92de-7f91e3eef69a}</UniqueIdentifier>
    </Filter>
    <Filter Include="Files\Core\VolumeDetection">
      <UniqueIdentifier>{9bc27a78-d410-426c-a58d-bca01dccc29f}</UniqueIdentifier>
    </Filter>
    <Filter Include="Files\Core\Utils">
      <UniqueIdentifier>{79beb400-fdc2-4299-8b2a-162a6e2b7ee7}</UniqueIdentifier>
    </Filter>
    <Filter Include="Files\Core\SceneEdit">
      <UniqueIdentifier>{f182d1b3-de0f-4a7d-b5f6-7c416ef92a5d}</UniqueIdentifier>
    </Filter>
    <Filter Include="Files\Core\SceneEdit\Edits">
      <UniqueIdentifier>{fd2f772b-1602-4e68-b0ba-27c84f2a7c67}</UniqueIdentifier>
    </Filter>
    <Filter Include="Files\Core\Base">
      <UniqueIdentifier>{a7231673-5de4-46f7-a722-ba11cb79d047}</UniqueIdentifier>
    </Filter>
    <Filter Include="Files\Core\Ogre">
      <UniqueIdentifier>{acc1c4b1-3b33-4394-a527-5d188c497cd9}</UniqueIdentifier>
    </Filter>
    <Filter Include="Files\Player\Model">
      <UniqueIdentifier>{4fe95b3e-be4a-4400-bf2f-3bb101584ef6}</UniqueIdentifier>
    </Filter>
    <Filter Include="Files\Editor">
      <UniqueIdentifier>{a1039639-830d-4c18-844f-69f342634748}</UniqueIdentifier>
    </Filter>
    <Filter Include="Files\Editor\Items">
      <UniqueIdentifier>{b664013e-8539-407c-bf90-463dcfc7ccdf}</UniqueIdentifier>
    </Filter>
    <Filter Include="Files\Core\PostProcess">
      <UniqueIdentifier>{470044b2-f536-4e05-b2f9-d7cb61d1d749}</UniqueIdentifier>
    </Filter>
  </ItemGroup>
  <ItemGroup>
    <ClCompile Include="src\CrowPath.cpp">
      <Filter>Files\Objects\Crow</Filter>
    </ClCompile>
    <ClCompile Include="src\Crow.cpp">
      <Filter>Files\Objects\Crow</Filter>
    </ClCompile>
    <ClCompile Include="src\ChainsSoundReaction.cpp">
      <Filter>Files\Tasks</Filter>
    </ClCompile>
    <ClCompile Include="src\CommonTasks.cpp">
      <Filter>Files\Tasks</Filter>
    </ClCompile>
    <ClCompile Include="src\EffectsTasks.cpp">
      <Filter>Files\Tasks</Filter>
    </ClCompile>
    <ClCompile Include="src\EntityMovementReaction.cpp">
      <Filter>Files\Tasks</Filter>
    </ClCompile>
    <ClCompile Include="src\EventTask.cpp">
      <Filter>Files\Tasks</Filter>
    </ClCompile>
    <ClCompile Include="src\LoadNextPart.cpp">
      <Filter>Files\Tasks</Filter>
    </ClCompile>
    <ClCompile Include="src\lvl_update.cpp">
      <Filter>Files\Tasks</Filter>
    </ClCompile>
    <ClCompile Include="src\lvl1Reactions.cpp">
      <Filter>Files\Tasks</Filter>
    </ClCompile>
    <ClCompile Include="src\Tasks.cpp">
      <Filter>Files\Tasks</Filter>
    </ClCompile>
    <ClCompile Include="src\TestReaction.cpp">
      <Filter>Files\Tasks</Filter>
    </ClCompile>
    <ClCompile Include="src\TransformationTaskTemplate.cpp">
      <Filter>Files\Tasks</Filter>
    </ClCompile>
    <ClCompile Include="src\WorldMaterials.cpp">
      <Filter>Files\Physics</Filter>
    </ClCompile>
    <ClCompile Include="src\TriggerPlayerContactCallback.cpp">
      <Filter>Files\Physics</Filter>
    </ClCompile>
    <ClCompile Include="src\TriggerObjectContactCallback.cpp">
      <Filter>Files\Physics</Filter>
    </ClCompile>
    <ClCompile Include="src\ZipLineSlide.cpp">
      <Filter>Files\Objects\Slide</Filter>
    </ClCompile>
    <ClCompile Include="src\TopSlide.cpp">
      <Filter>Files\Objects\Slide</Filter>
    </ClCompile>
    <ClCompile Include="src\Slide.cpp">
      <Filter>Files\Objects\Slide</Filter>
    </ClCompile>
    <ClCompile Include="src\DefShadowCamera.cpp">
      <Filter>Files\Core\Base</Filter>
    </ClCompile>
    <ClCompile Include="src\PSSMCamera.cpp">
      <Filter>Files\Core\Base</Filter>
    </ClCompile>
    <ClCompile Include="src\Player.cpp">
      <Filter>Files\Player</Filter>
    </ClCompile>
    <ClCompile Include="src\Player_movement.cpp">
      <Filter>Files\Player</Filter>
    </ClCompile>
    <ClCompile Include="src\PlayerClimbing.cpp">
      <Filter>Files\Player</Filter>
    </ClCompile>
    <ClCompile Include="src\PlayerGrab.cpp">
      <Filter>Files\Player</Filter>
    </ClCompile>
    <ClCompile Include="src\PlayerParkour.cpp">
      <Filter>Files\Player</Filter>
    </ClCompile>
    <ClCompile Include="src\AudioLibrary.cpp">
      <Filter>Files\Core</Filter>
    </ClCompile>
    <ClCompile Include="src\DebugKeys.cpp">
      <Filter>Files\Core</Filter>
    </ClCompile>
    <ClCompile Include="src\DefaultObjectContactCallback.cpp">
      <Filter>Files\Core</Filter>
    </ClCompile>
    <ClCompile Include="src\EventsManager.cpp">
      <Filter>Files\Core</Filter>
    </ClCompile>
    <ClCompile Include="src\GameStateManager.cpp">
      <Filter>Files\Core</Filter>
    </ClCompile>
    <ClCompile Include="src\globals.cpp">
      <Filter>Files\Core</Filter>
    </ClCompile>
    <ClCompile Include="src\OgreGpuCommandBufferFlush.cpp">
      <Filter>Files\Core</Filter>
    </ClCompile>
    <ClCompile Include="src\tinyxml2.cpp">
      <Filter>Files\Scene</Filter>
    </ClCompile>
    <ClCompile Include="src\stdafx.cpp">
      <Filter>Files</Filter>
    </ClCompile>
    <ClCompile Include="src\CrowsGroup.cpp">
      <Filter>Files\Objects\Crow</Filter>
    </ClCompile>
    <ClCompile Include="src\Crows.cpp">
      <Filter>Files\Objects\Crow</Filter>
    </ClCompile>
    <ClCompile Include="src\DynamicRope.cpp">
      <Filter>Files\Objects</Filter>
    </ClCompile>
    <ClCompile Include="src\GeometryManager.cpp">
      <Filter>Files\Core</Filter>
    </ClCompile>
    <ClCompile Include="src\PgDetailGeometry.cpp">
      <Filter>Files\Core\DetailGeometry</Filter>
    </ClCompile>
    <ClCompile Include="src\BasicDetailGeometry.cpp">
      <Filter>Files\Core\DetailGeometry</Filter>
    </ClCompile>
    <ClCompile Include="src\GrassDetailGeometry.cpp">
      <Filter>Files\Core\DetailGeometry</Filter>
    </ClCompile>
    <ClCompile Include="src\ManualDetailGeometry.cpp">
      <Filter>Files\Core\DetailGeometry</Filter>
    </ClCompile>
    <ClCompile Include="src\BillboardDetailGeometry.cpp">
      <Filter>Files\Core\DetailGeometry</Filter>
    </ClCompile>
    <ClCompile Include="src\ImpostorTexture.cpp">
      <Filter>Files\Core\DetailGeometry</Filter>
    </ClCompile>
    <ClCompile Include="src\ImpostorRenderer.cpp">
      <Filter>Files\Core\DetailGeometry</Filter>
    </ClCompile>
    <ClCompile Include="src\WaterCurrent.cpp">
      <Filter>Files\Objects</Filter>
    </ClCompile>
    <ClCompile Include="src\PlayerAbilities.cpp">
      <Filter>Files\Player</Filter>
    </ClCompile>
    <ClCompile Include="src\PlayerSliding.cpp">
      <Filter>Files\Player</Filter>
    </ClCompile>
    <ClCompile Include="src\Reflection.cpp">
      <Filter>Files\Core\RenderObjects</Filter>
    </ClCompile>
    <ClCompile Include="src\SceneCubeMap.cpp">
      <Filter>Files\Core\RenderObjects</Filter>
    </ClCompile>
    <ClCompile Include="src\AnimatedTrack.cpp">
      <Filter>Files\Objects\Slide</Filter>
    </ClCompile>
    <ClCompile Include="src\HeadTransition.cpp">
      <Filter>Files\Objects\Slide</Filter>
    </ClCompile>
    <ClCompile Include="src\Energy.cpp">
      <Filter>Files\Objects</Filter>
    </ClCompile>
    <ClCompile Include="src\ParticleManager.cpp">
      <Filter>Files\Core</Filter>
    </ClCompile>
    <ClCompile Include="src\Gorilla.cpp">
      <Filter>Files\Core\Gui</Filter>
    </ClCompile>
    <ClCompile Include="src\GuiOverlay.cpp">
      <Filter>Files\Core\Gui</Filter>
    </ClCompile>
    <ClCompile Include="src\GameUi.cpp">
      <Filter>Files\Core\Gui</Filter>
    </ClCompile>
    <ClCompile Include="src\Gate.cpp">
      <Filter>Files\Objects\Gate</Filter>
    </ClCompile>
    <ClCompile Include="src\GateLock.cpp">
      <Filter>Files\Objects\Gate</Filter>
    </ClCompile>
    <ClCompile Include="src\VolumeDetection.cpp">
      <Filter>Files\Core\VolumeDetection</Filter>
    </ClCompile>
    <ClCompile Include="src\BridgeMaker.cpp">
      <Filter>Files\Core\Utils</Filter>
    </ClCompile>
    <ClCompile Include="src\TrackBuilder.cpp">
      <Filter>Files\Core\Utils</Filter>
    </ClCompile>
    <ClCompile Include="src\AnimationBlender.cpp">
      <Filter>Files\Core\Utils</Filter>
    </ClCompile>
    <ClCompile Include="src\CameraShaker.cpp">
      <Filter>Files\Core\Utils</Filter>
    </ClCompile>
    <ClCompile Include="src\GUtils.cpp">
      <Filter>Files\Core\Utils</Filter>
    </ClCompile>
    <ClCompile Include="src\PlayerEnergies.cpp">
      <Filter>Files\Player</Filter>
    </ClCompile>
    <ClCompile Include="src\PlayerTimeshift.cpp">
      <Filter>Files\Player</Filter>
    </ClCompile>
    <ClCompile Include="src\FilteredRaycast.cpp">
      <Filter>Files\Core\Utils</Filter>
    </ClCompile>
    <ClCompile Include="src\MaterialEdit.cpp">
      <Filter>Files\Core\SceneEdit\Edits</Filter>
    </ClCompile>
    <ClCompile Include="src\ParticleEdit.cpp">
      <Filter>Files\Core\SceneEdit\Edits</Filter>
    </ClCompile>
    <ClCompile Include="src\GuiSceneEdit.cpp">
      <Filter>Files\Core\SceneEdit</Filter>
    </ClCompile>
    <ClCompile Include="src\SceneEditsLibrary.cpp">
      <Filter>Files\Core\SceneEdit</Filter>
    </ClCompile>
    <ClCompile Include="src\Edit.cpp">
      <Filter>Files\Core\SceneEdit\Edits</Filter>
    </ClCompile>
    <ClCompile Include="src\DetailGeometryEdit.cpp">
      <Filter>Files\Core\SceneEdit\Edits</Filter>
    </ClCompile>
    <ClCompile Include="src\OptimizedGroupEdit.cpp">
      <Filter>Files\Core\SceneEdit\Edits</Filter>
    </ClCompile>
    <ClCompile Include="src\MainListener.cpp">
      <Filter>Files\Listeners</Filter>
    </ClCompile>
    <ClCompile Include="src\main.cpp">
      <Filter>Files</Filter>
    </ClCompile>
    <ClCompile Include="src\LevelEdit.cpp">
      <Filter>Files\Core\SceneEdit\Edits</Filter>
    </ClCompile>
    <ClCompile Include="src\PlayerCamera.cpp">
      <Filter>Files\Player</Filter>
    </ClCompile>
    <ClCompile Include="JumpBox.cpp">
      <Filter>Files\Objects</Filter>
    </ClCompile>
    <ClCompile Include="src\PlayerAutoTarget.cpp">
      <Filter>Files\Player</Filter>
    </ClCompile>
    <ClCompile Include="src\PlayerHanging.cpp">
      <Filter>Files\Player</Filter>
    </ClCompile>
    <ClCompile Include="src\PlayerAudio.cpp">
      <Filter>Files\Player</Filter>
    </ClCompile>
    <ClCompile Include="src\sceneParser.cpp">
      <Filter>Files\Scene</Filter>
    </ClCompile>
    <ClCompile Include="src\MeshReload.cpp">
      <Filter>Files\Scene</Filter>
    </ClCompile>
    <ClCompile Include="src\FloatsMap.cpp">
      <Filter>Files\Core\Utils</Filter>
    </ClCompile>
    <ClCompile Include="src\Application.cpp">
      <Filter>Files\Core\Base</Filter>
    </ClCompile>
    <ClCompile Include="src\LutTexture.cpp">
      <Filter>Files\Core\RenderObjects</Filter>
    </ClCompile>
    <ClCompile Include="src\DetailGeometryMaterial.cpp">
      <Filter>Files\Core\DetailGeometry</Filter>
    </ClCompile>
    <ClCompile Include="ogre\OgreProgressiveMeshGenerator.cpp">
      <Filter>Files\Core\Ogre</Filter>
    </ClCompile>
    <ClCompile Include="ogre\OgreAbsoluteLodStrategy.cpp">
      <Filter>Files\Core\Ogre</Filter>
    </ClCompile>
    <ClCompile Include="model\MovingAnimation.cpp">
      <Filter>Files\Player\Model</Filter>
    </ClCompile>
    <ClCompile Include="model\PlayerModel.cpp">
      <Filter>Files\Player\Model</Filter>
    </ClCompile>
    <ClCompile Include="EditorControl.cpp">
      <Filter>Files\Editor</Filter>
    </ClCompile>
    <ClCompile Include="SceneInteraction.cpp">
      <Filter>Files\Editor</Filter>
    </ClCompile>
    <ClCompile Include="EditorUiHandler.cpp">
      <Filter>Files\Editor</Filter>
    </ClCompile>
    <ClCompile Include="ObjectSelection.cpp">
      <Filter>Files\Editor</Filter>
    </ClCompile>
    <ClCompile Include="SceneOptions.cpp">
      <Filter>Files\Editor</Filter>
    </ClCompile>
    <ClCompile Include="SelectionGizmo.cpp">
      <Filter>Files\Editor</Filter>
    </ClCompile>
    <ClCompile Include="EditorEntity.cpp">
      <Filter>Files\Editor\Items</Filter>
    </ClCompile>
    <ClCompile Include="CameraHelp.cpp">
      <Filter>Files\Core\Utils</Filter>
    </ClCompile>
    <ClCompile Include="EditorGrass.cpp">
      <Filter>Files\Editor\Items</Filter>
    </ClCompile>
    <ClCompile Include="GrassDensityMap.cpp">
      <Filter>Files\Editor\Items</Filter>
    </ClCompile>
    <ClCompile Include="EditorPainter.cpp">
      <Filter>Files\Editor</Filter>
    </ClCompile>
    <ClCompile Include="AnimationLoop.cpp">
      <Filter>Files\Tasks</Filter>
    </ClCompile>
    <ClCompile Include="EditorCamera.cpp">
      <Filter>Files\Editor</Filter>
    </ClCompile>
    <ClCompile Include="EditorParticle.cpp">
      <Filter>Files\Editor\Items</Filter>
    </ClCompile>
    <ClCompile Include="src\PostProcessMgr.cpp">
      <Filter>Files\Core\PostProcess</Filter>
    </ClCompile>
    <ClCompile Include="src\PostProcessSwimming.cpp">
      <Filter>Files\Core\PostProcess</Filter>
    </ClCompile>
    <ClCompile Include="src\PostProcessUpdate.cpp">
      <Filter>Files\Core\PostProcess</Filter>
    </ClCompile>
  </ItemGroup>
  <ItemGroup>
    <ClInclude Include="resource.h">
      <Filter>Files</Filter>
    </ClInclude>
    <ClInclude Include="include\stdafx.h">
      <Filter>Files</Filter>
    </ClInclude>
    <ClInclude Include="include\TriggerInfo.h">
      <Filter>Files\Tasks</Filter>
    </ClInclude>
    <ClInclude Include="include\ChainsSoundTask.h">
      <Filter>Files\Tasks</Filter>
    </ClInclude>
    <ClInclude Include="include\CommonTasks.h">
      <Filter>Files\Tasks</Filter>
    </ClInclude>
    <ClInclude Include="include\EffectsTasks.h">
      <Filter>Files\Tasks</Filter>
    </ClInclude>
    <ClInclude Include="include\EntityMovementTask.h">
      <Filter>Files\Tasks</Filter>
    </ClInclude>
    <ClInclude Include="include\EventTask.h">
      <Filter>Files\Tasks</Filter>
    </ClInclude>
    <ClInclude Include="include\lvl1Tasks.h">
      <Filter>Files\Tasks</Filter>
    </ClInclude>
    <ClInclude Include="include\Tasks.h">
      <Filter>Files\Tasks</Filter>
    </ClInclude>
    <ClInclude Include="include\TestTask.h">
      <Filter>Files\Tasks</Filter>
    </ClInclude>
    <ClInclude Include="include\lvl_update.h">
      <Filter>Files\Tasks</Filter>
    </ClInclude>
    <ClInclude Include="include\LoadNextPart.h">
      <Filter>Files\Tasks</Filter>
    </ClInclude>
    <ClInclude Include="include\BodyUserData.h">
      <Filter>Files\Tasks</Filter>
    </ClInclude>
    <ClInclude Include="include\TransformationTaskTemplate.h">
      <Filter>Files\Tasks</Filter>
    </ClInclude>
    <ClInclude Include="include\Crow.h">
      <Filter>Files\Objects\Crow</Filter>
    </ClInclude>
    <ClInclude Include="include\CrowPath.h">
      <Filter>Files\Objects\Crow</Filter>
    </ClInclude>
    <ClInclude Include="include\CrowsGroup.h">
      <Filter>Files\Objects\Crow</Filter>
    </ClInclude>
    <ClInclude Include="include\AudioLibrary.h">
      <Filter>Files\Core</Filter>
    </ClInclude>
    <ClInclude Include="include\DebugKeys.h">
      <Filter>Files\Core</Filter>
    </ClInclude>
    <ClInclude Include="include\DefaultObjectContactCallback.h">
      <Filter>Files\Physics</Filter>
    </ClInclude>
    <ClInclude Include="include\DefShadowCamera.h">
      <Filter>Files\Core\Base</Filter>
    </ClInclude>
    <ClInclude Include="include\EventsManager.h">
      <Filter>Files\Core</Filter>
    </ClInclude>
    <ClInclude Include="include\GameConfig.h">
      <Filter>Files\Core</Filter>
    </ClInclude>
    <ClInclude Include="include\GameStateManager.h">
      <Filter>Files\Core</Filter>
    </ClInclude>
    <ClInclude Include="include\globals.h">
      <Filter>Files\Core</Filter>
    </ClInclude>
    <ClInclude Include="include\InputListener.h">
      <Filter>Files\Listeners</Filter>
    </ClInclude>
    <ClInclude Include="include\MainListener.h">
      <Filter>Files\Listeners</Filter>
    </ClInclude>
    <ClInclude Include="include\NewtonListener.h">
      <Filter>Files\Physics</Filter>
    </ClInclude>
    <ClInclude Include="include\GrassHeightFunction.h">
      <Filter>Files\Core</Filter>
    </ClInclude>
    <ClInclude Include="include\OgreGpuCommandBufferFlush.h">
      <Filter>Files\Core</Filter>
    </ClInclude>
    <ClInclude Include="include\TopSlide.h">
      <Filter>Files\Objects\Slide</Filter>
    </ClInclude>
    <ClInclude Include="include\ZipLineSlide.h">
      <Filter>Files\Objects\Slide</Filter>
    </ClInclude>
    <ClInclude Include="include\Slide.h">
      <Filter>Files\Objects\Slide</Filter>
    </ClInclude>
    <ClInclude Include="include\Player.h">
      <Filter>Files\Player</Filter>
    </ClInclude>
    <ClInclude Include="include\PlayerClimbing.h">
      <Filter>Files\Player</Filter>
    </ClInclude>
    <ClInclude Include="include\PlayerGrab.h">
      <Filter>Files\Player</Filter>
    </ClInclude>
    <ClInclude Include="include\PlayerParkour.h">
      <Filter>Files\Player</Filter>
    </ClInclude>
    <ClInclude Include="include\PSSMCamera.h">
      <Filter>Files\Core\Base</Filter>
    </ClInclude>
    <ClInclude Include="include\TriggerObjectContactCallback.h">
      <Filter>Files\Physics</Filter>
    </ClInclude>
    <ClInclude Include="include\TriggerPlayerContactCallback.h">
      <Filter>Files\Physics</Filter>
    </ClInclude>
    <ClInclude Include="include\WorldMaterials.h">
      <Filter>Files\Physics</Filter>
    </ClInclude>
    <ClInclude Include="include\tinyxml2.h">
      <Filter>Files\Scene</Filter>
    </ClInclude>
    <ClInclude Include="include\levelsInit.h">
      <Filter>Files\Scene</Filter>
    </ClInclude>
    <ClInclude Include="include\Crows.h">
      <Filter>Files\Objects\Crow</Filter>
    </ClInclude>
    <ClInclude Include="include\CrowWatch.h">
      <Filter>Files\Objects\Crow</Filter>
    </ClInclude>
    <ClInclude Include="include\DynamicRope.h">
      <Filter>Files\Objects</Filter>
    </ClInclude>
    <ClInclude Include="include\GeometryManager.h">
      <Filter>Files\Core</Filter>
    </ClInclude>
    <ClInclude Include="include\DetailGeometry.h">
      <Filter>Files\Core\DetailGeometry</Filter>
    </ClInclude>
    <ClInclude Include="include\PgDetailGeometry.h">
      <Filter>Files\Core\DetailGeometry</Filter>
    </ClInclude>
    <ClInclude Include="include\BasicDetailGeometry.h">
      <Filter>Files\Core\DetailGeometry</Filter>
    </ClInclude>
    <ClInclude Include="include\GrassDetailGeometry.h">
      <Filter>Files\Core\DetailGeometry</Filter>
    </ClInclude>
    <ClInclude Include="include\ManualDetailGeometry.h">
      <Filter>Files\Core\DetailGeometry</Filter>
    </ClInclude>
    <ClInclude Include="include\DetailGeometryInfo.h">
      <Filter>Files\Core\DetailGeometry</Filter>
    </ClInclude>
    <ClInclude Include="include\DetailGeometryMaterial.h">
      <Filter>Files\Core\DetailGeometry</Filter>
    </ClInclude>
    <ClInclude Include="include\BillboardDetailGeometry.h">
      <Filter>Files\Core\DetailGeometry</Filter>
    </ClInclude>
    <ClInclude Include="include\ImpostorTexture.h">
      <Filter>Files\Core\DetailGeometry</Filter>
    </ClInclude>
    <ClInclude Include="include\ImpostorRenderer.h">
      <Filter>Files\Core\DetailGeometry</Filter>
    </ClInclude>
    <ClInclude Include="include\WaterCurrent.h">
      <Filter>Files\Objects</Filter>
    </ClInclude>
    <ClInclude Include="include\PlayerAbilities.h">
      <Filter>Files\Player</Filter>
    </ClInclude>
    <ClInclude Include="include\PlayerStateInfo.h">
      <Filter>Files\Player</Filter>
    </ClInclude>
    <ClInclude Include="include\PlayerSliding.h">
      <Filter>Files\Player</Filter>
    </ClInclude>
    <ClInclude Include="include\Reflection.h">
      <Filter>Files\Core\RenderObjects</Filter>
    </ClInclude>
    <ClInclude Include="include\SceneCubeMap.h">
      <Filter>Files\Core\RenderObjects</Filter>
    </ClInclude>
    <ClInclude Include="include\AnimatedTrack.h">
      <Filter>Files\Objects\Slide</Filter>
    </ClInclude>
    <ClInclude Include="include\HeadTransition.h">
      <Filter>Files\Objects\Slide</Filter>
    </ClInclude>
    <ClInclude Include="include\Energy.h">
      <Filter>Files\Objects</Filter>
    </ClInclude>
    <ClInclude Include="include\ParticleManager.h">
      <Filter>Files\Core</Filter>
    </ClInclude>
    <ClInclude Include="include\Gorilla.h">
      <Filter>Files\Core\Gui</Filter>
    </ClInclude>
    <ClInclude Include="include\GuiOverlay.h">
      <Filter>Files\Core\Gui</Filter>
    </ClInclude>
    <ClInclude Include="include\GameUi.h">
      <Filter>Files\Core\Gui</Filter>
    </ClInclude>
    <ClInclude Include="include\GameUiActions.h">
      <Filter>Files\Core\Gui</Filter>
    </ClInclude>
    <ClInclude Include="include\Gate.h">
      <Filter>Files\Objects\Gate</Filter>
    </ClInclude>
    <ClInclude Include="include\GateLock.h">
      <Filter>Files\Objects\Gate</Filter>
    </ClInclude>
    <ClInclude Include="include\Volume.h">
      <Filter>Files\Core\VolumeDetection</Filter>
    </ClInclude>
    <ClInclude Include="include\VolumeDetection.h">
      <Filter>Files\Core\VolumeDetection</Filter>
    </ClInclude>
    <ClInclude Include="include\BridgeMaker.h">
      <Filter>Files\Core\Utils</Filter>
    </ClInclude>
    <ClInclude Include="include\TrackBuilder.h">
      <Filter>Files\Core\Utils</Filter>
    </ClInclude>
    <ClInclude Include="include\AnimationBlender.h">
      <Filter>Files\Core\Utils</Filter>
    </ClInclude>
    <ClInclude Include="include\MUtils.h">
      <Filter>Files\Core\Utils</Filter>
    </ClInclude>
    <ClInclude Include="include\ListLoop.h">
      <Filter>Files\Core\Utils</Filter>
    </ClInclude>
    <ClInclude Include="include\CameraShaker.h">
      <Filter>Files\Core\Utils</Filter>
    </ClInclude>
    <ClInclude Include="include\GUtils.h">
      <Filter>Files\Core\Utils</Filter>
    </ClInclude>
    <ClInclude Include="include\SUtils.h">
      <Filter>Files\Core\Utils</Filter>
    </ClInclude>
    <ClInclude Include="include\PlayerEnergies.h">
      <Filter>Files\Player</Filter>
    </ClInclude>
    <ClInclude Include="include\PlayerTimeshift.h">
      <Filter>Files\Player</Filter>
    </ClInclude>
    <ClInclude Include="include\FilteredRaycast.h">
      <Filter>Files\Core\Utils</Filter>
    </ClInclude>
    <ClInclude Include="include\Edit.h">
      <Filter>Files\Core\SceneEdit\Edits</Filter>
    </ClInclude>
    <ClInclude Include="include\MaterialEdit.h">
      <Filter>Files\Core\SceneEdit\Edits</Filter>
    </ClInclude>
    <ClInclude Include="include\ParticleEdit.h">
      <Filter>Files\Core\SceneEdit\Edits</Filter>
    </ClInclude>
    <ClInclude Include="include\SceneEditsLibrary.h">
      <Filter>Files\Core\SceneEdit</Filter>
    </ClInclude>
    <ClInclude Include="include\GuiSceneEdit.h">
      <Filter>Files\Core\SceneEdit</Filter>
    </ClInclude>
    <ClInclude Include="include\LevelEdit.h">
      <Filter>Files\Core\SceneEdit\Edits</Filter>
    </ClInclude>
    <ClInclude Include="include\DetailGeometryEdit.h">
      <Filter>Files\Core\SceneEdit\Edits</Filter>
    </ClInclude>
    <ClInclude Include="include\OptimizedGroupEdit.h">
      <Filter>Files\Core\SceneEdit\Edits</Filter>
    </ClInclude>
    <ClInclude Include="include\PlayerCamera.h">
      <Filter>Files\Player</Filter>
    </ClInclude>
    <ClInclude Include="include\PlayerAutoTarget.h">
      <Filter>Files\Player</Filter>
    </ClInclude>
    <ClInclude Include="include\JumpBox.h">
      <Filter>Files\Objects</Filter>
    </ClInclude>
    <ClInclude Include="include\PlayerHanging.h">
      <Filter>Files\Player</Filter>
    </ClInclude>
    <ClInclude Include="include\Pole.h">
      <Filter>Files\Objects</Filter>
    </ClInclude>
    <ClInclude Include="include\PlayerAudio.h">
      <Filter>Files\Player</Filter>
    </ClInclude>
    <ClInclude Include="include\AudioId.h">
      <Filter>Files\Core</Filter>
    </ClInclude>
    <ClInclude Include="include\GameScene.h">
      <Filter>Files\Scene</Filter>
    </ClInclude>
    <ClInclude Include="include\FloatsMap.h">
      <Filter>Files\Core\Utils</Filter>
    </ClInclude>
    <ClInclude Include="include\Application.h">
      <Filter>Files\Core\Base</Filter>
    </ClInclude>
    <ClInclude Include="include\PPListener.h">
      <Filter>Files\Listeners</Filter>
    </ClInclude>
    <ClInclude Include="include\LutTexture.h">
      <Filter>Files\Core\RenderObjects</Filter>
    </ClInclude>
    <ClInclude Include="ogre\OgreProgressiveMeshGenerator.h">
      <Filter>Files\Core\Ogre</Filter>
    </ClInclude>
    <ClInclude Include="ogre\OgreAbsoluteLodStrategy.h">
      <Filter>Files\Core\Ogre</Filter>
    </ClInclude>
    <ClInclude Include="model\PlayerModel.h">
      <Filter>Files\Player\Model</Filter>
    </ClInclude>
    <ClInclude Include="model\MovingAnimation.h">
      <Filter>Files\Player\Model</Filter>
    </ClInclude>
    <ClInclude Include="model\PlayerAnimation.h">
      <Filter>Files\Player\Model</Filter>
    </ClInclude>
    <ClInclude Include="BinaryHelper.h">
      <Filter>Files\Editor</Filter>
    </ClInclude>
    <ClInclude Include="EditorControl.h">
      <Filter>Files\Editor</Filter>
    </ClInclude>
    <ClInclude Include="SceneInteraction.h">
      <Filter>Files\Editor</Filter>
    </ClInclude>
    <ClInclude Include="EditorUiHandler.h">
      <Filter>Files\Editor</Filter>
    </ClInclude>
    <ClInclude Include="EditorComm.h">
      <Filter>Files\Editor</Filter>
    </ClInclude>
    <ClInclude Include="EditorCommLib.h">
      <Filter>Files\Editor</Filter>
    </ClInclude>
    <ClInclude Include="ObjectSelection.h">
      <Filter>Files\Editor</Filter>
    </ClInclude>
    <ClInclude Include="SceneOptions.h">
      <Filter>Files\Editor</Filter>
    </ClInclude>
    <ClInclude Include="SelectionGizmo.h">
      <Filter>Files\Editor</Filter>
    </ClInclude>
    <ClInclude Include="EditorItem.h">
      <Filter>Files\Editor\Items</Filter>
    </ClInclude>
    <ClInclude Include="EditorEntity.h">
      <Filter>Files\Editor\Items</Filter>
    </ClInclude>
    <ClInclude Include="CameraHelp.h">
      <Filter>Files\Core\Utils</Filter>
    </ClInclude>
    <ClInclude Include="EditorCamera.h">
      <Filter>Files\Editor</Filter>
    </ClInclude>
    <ClInclude Include="EditorGrass.h">
      <Filter>Files\Editor\Items</Filter>
    </ClInclude>
    <ClInclude Include="GrassDensityMap.h">
      <Filter>Files\Editor\Items</Filter>
    </ClInclude>
    <ClInclude Include="EditorPainter.h">
      <Filter>Files\Editor</Filter>
    </ClInclude>
    <ClInclude Include="PaintedItem.h">
      <Filter>Files\Editor\Items</Filter>
    </ClInclude>
    <ClInclude Include="AnimationLoop.h">
      <Filter>Files\Tasks</Filter>
    </ClInclude>
    <ClInclude Include="EditorParticle.h">
      <Filter>Files\Editor\Items</Filter>
    </ClInclude>
    <ClInclude Include="include\PostProcessMgr.h">
      <Filter>Files\Core\PostProcess</Filter>
    </ClInclude>
    <ClInclude Include="include\PostProcessSwimming.h">
      <Filter>Files\Core\PostProcess</Filter>
    </ClInclude>
    <ClInclude Include="include\PostProcessUpdate.h">
      <Filter>Files\Core\PostProcess</Filter>
    </ClInclude>
  </ItemGroup>
  <ItemGroup>
    <ResourceCompile Include="AutumnAshes.rc">
      <Filter>Resource Files</Filter>
    </ResourceCompile>
  </ItemGroup>
  <ItemGroup>
    <None Include="icon1.ico">
      <Filter>Resource Files</Filter>
    </None>
  </ItemGroup>
</Project>