<?xml version="1.0" encoding="utf-8"?>
<Project ToolsVersion="4.0" xmlns="http://schemas.microsoft.com/developer/msbuild/2003">
  <ItemGroup>
    <Filter Include="Source Files">
      <UniqueIdentifier>{4FC737F1-C7A5-4376-A066-2A32D752A2FF}</UniqueIdentifier>
      <Extensions>cpp;c;cc;cxx;def;odl;idl;hpj;bat;asm;asmx</Extensions>
    </Filter>
    <Filter Include="Header Files">
      <UniqueIdentifier>{93995380-89BD-4b04-88EB-625FBE52EBFB}</UniqueIdentifier>
      <Extensions>h;hpp;hxx;hm;inl;inc;xsd</Extensions>
    </Filter>
    <Filter Include="Resource Files">
      <UniqueIdentifier>{67DA6AB6-F800-4c08-8B7A-83BB121AAD01}</UniqueIdentifier>
      <Extensions>rc;ico;cur;bmp;dlg;rc2;rct;bin;rgs;gif;jpg;jpeg;jpe;resx;tiff;tif;png;wav</Extensions>
    </Filter>
    <Filter Include="Header Files\tasks">
      <UniqueIdentifier>{2b87eae1-d81d-4a9b-bb19-bd609893605c}</UniqueIdentifier>
    </Filter>
    <Filter Include="Source Files\tasks">
      <UniqueIdentifier>{1b8c9220-1093-484b-b0a9-d1ff43d497ef}</UniqueIdentifier>
    </Filter>
  </ItemGroup>
  <ItemGroup>
    <ClCompile Include="src\AAmain.cpp">
      <Filter>Source Files</Filter>
    </ClCompile>
    <ClCompile Include="src\Console.cpp">
      <Filter>Source Files</Filter>
    </ClCompile>
    <ClCompile Include="src\DefaultObjectContactCallback.cpp">
      <Filter>Source Files</Filter>
    </ClCompile>
    <ClCompile Include="src\Gorilla.cpp">
      <Filter>Source Files</Filter>
    </ClCompile>
    <ClCompile Include="src\OgreGpuCommandBufferFlush.cpp">
      <Filter>Source Files</Filter>
    </ClCompile>
    <ClCompile Include="src\stdafx.cpp">
      <Filter>Source Files</Filter>
    </ClCompile>
    <ClCompile Include="src\tinyxml.cpp">
      <Filter>Source Files</Filter>
    </ClCompile>
    <ClCompile Include="src\tinyxmlerror.cpp">
      <Filter>Source Files</Filter>
    </ClCompile>
    <ClCompile Include="src\tinyxmlparser.cpp">
      <Filter>Source Files</Filter>
    </ClCompile>
    <ClCompile Include="src\TriggerObjectContactCallback.cpp">
      <Filter>Source Files</Filter>
    </ClCompile>
    <ClCompile Include="src\HandFromGroundReaction.cpp">
      <Filter>Source Files\tasks</Filter>
    </ClCompile>
    <ClCompile Include="src\TestReaction.cpp">
      <Filter>Source Files\tasks</Filter>
    </ClCompile>
    <ClCompile Include="src\HandGripReaction.cpp">
      <Filter>Source Files\tasks</Filter>
    </ClCompile>
    <ClCompile Include="src\globals.cpp">
      <Filter>Source Files</Filter>
    </ClCompile>
    <ClCompile Include="src\PagingManager.cpp">
      <Filter>Source Files</Filter>
    </ClCompile>
    <ClCompile Include="src\EntityMovementReaction.cpp">
      <Filter>Source Files\tasks</Filter>
    </ClCompile>
    <ClCompile Include="src\ChainsSoundReaction.cpp">
      <Filter>Source Files\tasks</Filter>
    </ClCompile>
    <ClCompile Include="src\BridgeMaker.cpp">
      <Filter>Source Files</Filter>
    </ClCompile>
    <ClCompile Include="src\GuiOverlay.cpp">
      <Filter>Source Files</Filter>
    </ClCompile>
    <ClCompile Include="src\PostProcessMgr.cpp">
      <Filter>Source Files</Filter>
    </ClCompile>
    <ClCompile Include="src\lvl1Reactions.cpp">
      <Filter>Source Files\tasks</Filter>
    </ClCompile>
    <ClCompile Include="src\EventTask.cpp">
      <Filter>Source Files\tasks</Filter>
    </ClCompile>
    <ClCompile Include="src\EventsManager.cpp">
      <Filter>Source Files</Filter>
    </ClCompile>
    <ClCompile Include="src\GameStateManager.cpp">
      <Filter>Source Files</Filter>
    </ClCompile>
    <ClCompile Include="src\WorldMaterials.cpp">
      <Filter>Source Files</Filter>
    </ClCompile>
    <ClCompile Include="src\Tasks.cpp">
      <Filter>Source Files\tasks</Filter>
    </ClCompile>
    <ClCompile Include="src\lvl_update.cpp">
      <Filter>Source Files\tasks</Filter>
    </ClCompile>
    <ClCompile Include="src\LoadNextPart.cpp">
      <Filter>Source Files\tasks</Filter>
    </ClCompile>
    <ClCompile Include="src\AudioLibrary.cpp">
      <Filter>Source Files</Filter>
    </ClCompile>
    <ClCompile Include="src\TransformationTaskTemplate.cpp">
      <Filter>Source Files\tasks</Filter>
    </ClCompile>
    <ClCompile Include="src\ReflectionTask.cpp">
      <Filter>Source Files\tasks</Filter>
    </ClCompile>
    <ClCompile Include="src\WaterArea.cpp">
      <Filter>Source Files\tasks</Filter>
    </ClCompile>
    <ClCompile Include="src\CameraShaker.cpp">
      <Filter>Source Files</Filter>
    </ClCompile>
    <ClCompile Include="src\EffectsTasks.cpp">
      <Filter>Source Files\tasks</Filter>
    </ClCompile>
    <ClCompile Include="src\CommonTasks.cpp">
      <Filter>Source Files\tasks</Filter>
    </ClCompile>
    <ClCompile Include="src\PSSMCamera.cpp">
      <Filter>Source Files</Filter>
    </ClCompile>
    <ClCompile Include="src\DefShadowCamera.cpp">
      <Filter>Source Files</Filter>
    </ClCompile>
    <ClCompile Include="src\Player.cpp">
      <Filter>Source Files</Filter>
    </ClCompile>
    <ClCompile Include="src\Player_core.cpp">
      <Filter>Source Files</Filter>
    </ClCompile>
    <ClCompile Include="src\TriggerPlayerContactCallback.cpp">
      <Filter>Source Files</Filter>
    </ClCompile>
    <ClCompile Include="src\ZipLine.cpp">
      <Filter>Source Files</Filter>
    </ClCompile>
  </ItemGroup>
  <ItemGroup>
    <ClInclude Include="include\Console.h">
      <Filter>Header Files</Filter>
    </ClInclude>
    <ClInclude Include="include\DefaultObjectContactCallback.h">
      <Filter>Header Files</Filter>
    </ClInclude>
    <ClInclude Include="include\Gorilla.h">
      <Filter>Header Files</Filter>
    </ClInclude>
    <ClInclude Include="include\OgreGpuCommandBufferFlush.h">
      <Filter>Header Files</Filter>
    </ClInclude>
    <ClInclude Include="resource.h">
      <Filter>Header Files</Filter>
    </ClInclude>
    <ClInclude Include="resource1.h">
      <Filter>Header Files</Filter>
    </ClInclude>
    <ClInclude Include="include\stdafx.h">
      <Filter>Header Files</Filter>
    </ClInclude>
    <ClInclude Include="include\tinyxml.h">
      <Filter>Header Files</Filter>
    </ClInclude>
    <ClInclude Include="include\TriggerObjectContactCallback.h">
      <Filter>Header Files</Filter>
    </ClInclude>
    <ClInclude Include="include\TriggerPlayerContactCallback.h">
      <Filter>Header Files</Filter>
    </ClInclude>
    <ClInclude Include="include\TriggerInfo.h">
      <Filter>Header Files\tasks</Filter>
    </ClInclude>
    <ClInclude Include="include\PagingManager.h">
      <Filter>Header Files</Filter>
    </ClInclude>
    <ClInclude Include="include\GrassHeightFunction.h">
      <Filter>Header Files</Filter>
    </ClInclude>
    <ClInclude Include="include\BridgeMaker.h">
      <Filter>Header Files</Filter>
    </ClInclude>
    <ClInclude Include="include\GuiOverlay.h">
      <Filter>Header Files</Filter>
    </ClInclude>
    <ClInclude Include="include\PostProcessMgr.h">
      <Filter>Header Files</Filter>
    </ClInclude>
    <ClInclude Include="include\BasicPPListener.h">
      <Filter>Header Files</Filter>
    </ClInclude>
    <ClInclude Include="include\ScaryPPListener.h">
      <Filter>Header Files</Filter>
    </ClInclude>
    <ClInclude Include="include\InputListener.h">
      <Filter>Header Files</Filter>
    </ClInclude>
    <ClInclude Include="include\ChainsSoundTask.h">
      <Filter>Header Files\tasks</Filter>
    </ClInclude>
    <ClInclude Include="include\CommonTasks.h">
      <Filter>Header Files\tasks</Filter>
    </ClInclude>
    <ClInclude Include="include\EffectsTasks.h">
      <Filter>Header Files\tasks</Filter>
    </ClInclude>
    <ClInclude Include="include\EntityMovementTask.h">
      <Filter>Header Files\tasks</Filter>
    </ClInclude>
    <ClInclude Include="include\EventTask.h">
      <Filter>Header Files\tasks</Filter>
    </ClInclude>
    <ClInclude Include="include\HandFromGroundTask.h">
      <Filter>Header Files\tasks</Filter>
    </ClInclude>
    <ClInclude Include="include\HandGripTask.h">
      <Filter>Header Files\tasks</Filter>
    </ClInclude>
    <ClInclude Include="include\lvl1Tasks.h">
      <Filter>Header Files\tasks</Filter>
    </ClInclude>
    <ClInclude Include="include\Tasks.h">
      <Filter>Header Files\tasks</Filter>
    </ClInclude>
    <ClInclude Include="include\TestTask.h">
      <Filter>Header Files\tasks</Filter>
    </ClInclude>
    <ClInclude Include="include\DebugKeys.h">
      <Filter>Header Files</Filter>
    </ClInclude>
    <ClInclude Include="include\EventsManager.h">
      <Filter>Header Files</Filter>
    </ClInclude>
    <ClInclude Include="include\GameStateManager.h">
      <Filter>Header Files</Filter>
    </ClInclude>
    <ClInclude Include="include\NewtonListener.h">
      <Filter>Header Files</Filter>
    </ClInclude>
    <ClInclude Include="include\WorldMaterials.h">
      <Filter>Header Files</Filter>
    </ClInclude>
    <ClInclude Include="include\lvl_update.h">
      <Filter>Header Files\tasks</Filter>
    </ClInclude>
    <ClInclude Include="include\LoadNextPart.h">
      <Filter>Header Files\tasks</Filter>
    </ClInclude>
    <ClInclude Include="include\SceneParser.h">
      <Filter>Header Files</Filter>
    </ClInclude>
    <ClInclude Include="include\AudioLibrary.h">
      <Filter>Header Files</Filter>
    </ClInclude>
    <ClInclude Include="include\ReflectionTask.h">
      <Filter>Header Files\tasks</Filter>
    </ClInclude>
    <ClInclude Include="include\WaterArea.h">
      <Filter>Header Files\tasks</Filter>
    </ClInclude>
    <ClInclude Include="include\ListLoop.h">
      <Filter>Header Files</Filter>
    </ClInclude>
    <ClInclude Include="include\ZipLine.h">
      <Filter>Header Files</Filter>
    </ClInclude>
    <ClInclude Include="include\CameraShaker.h">
      <Filter>Header Files</Filter>
    </ClInclude>
    <ClInclude Include="include\BodyUserData.h">
      <Filter>Header Files\tasks</Filter>
    </ClInclude>
    <ClInclude Include="include\DefShadowCamera.h">
      <Filter>Header Files</Filter>
    </ClInclude>
    <ClInclude Include="include\MainListener.h">
      <Filter>Header Files</Filter>
    </ClInclude>
    <ClInclude Include="include\GodrayListener.h">
      <Filter>Header Files</Filter>
    </ClInclude>
    <ClInclude Include="include\PSSMCamera.h">
      <Filter>Header Files</Filter>
    </ClInclude>
    <ClInclude Include="include\Player.h">
      <Filter>Header Files</Filter>
    </ClInclude>
    <ClInclude Include="include\start.h">
      <Filter>Header Files</Filter>
    </ClInclude>
    <ClInclude Include="include\levelsInit.h">
      <Filter>Header Files</Filter>
    </ClInclude>
    <ClInclude Include="include\globals.h">
      <Filter>Header Files</Filter>
    </ClInclude>
    <ClInclude Include="include\premenne.h">
      <Filter>Header Files</Filter>
    </ClInclude>
    <ClInclude Include="include\TransformationTaskTemplate.h">
      <Filter>Header Files\tasks</Filter>
    </ClInclude>
    <ClInclude Include="include\MathUtils.h">
      <Filter>Header Files</Filter>
    </ClInclude>
  </ItemGroup>
  <ItemGroup>
    <ResourceCompile Include="AutumnAshes.rc">
      <Filter>Resource Files</Filter>
    </ResourceCompile>
  </ItemGroup>
  <ItemGroup>
    <None Include="icon1.ico">
      <Filter>Resource Files</Filter>
    </None>
  </ItemGroup>
</Project>